
Microsoft Visual Studio Solution File, Format Version 12.00
# Visual Studio Version 17
VisualStudioVersion = 17.13.35931.197 d17.13
MinimumVisualStudioVersion = 10.0.40219.1
Project("{FAE04EC0-301F-11D3-BF4B-00C04F79EFBC}") = "ECommerceProdutos", "ECommerceProdutos\ECommerceProdutos.csproj", "{A2099730-0B76-4DB3-A98B-F44ACBA92FBE}"
EndProject
Project("{FAE04EC0-301F-11D3-BF4B-00C04F79EFBC}") = "Domain", "Domain\Domain.csproj", "{724FEBA0-7673-496D-9E13-1D99FB47CED2}"
EndProject
Project("{FAE04EC0-301F-11D3-BF4B-00C04F79EFBC}") = "Application", "Application\Application.csproj", "{E0CC3E0D-6F9F-4B1B-88E5-4EAB0A984F6B}"
EndProject
Project("{FAE04EC0-301F-11D3-BF4B-00C04F79EFBC}") = "Infra", "Infra\Infra.csproj", "{B151F020-1D0F-49AD-B4A1-93AAEC43C357}"
EndProject
Global
	GlobalSection(SolutionConfigurationPlatforms) = preSolution
		Debug|Any CPU = Debug|Any CPU
		Release|Any CPU = Release|Any CPU
	EndGlobalSection
	GlobalSection(ProjectConfigurationPlatforms) = postSolution
		{A2099730-0B76-4DB3-A98B-F44ACBA92FBE}.Debug|Any CPU.ActiveCfg = Debug|Any CPU
		{A2099730-0B76-4DB3-A98B-F44ACBA92FBE}.Debug|Any CPU.Build.0 = Debug|Any CPU
		{A2099730-0B76-4DB3-A98B-F44ACBA92FBE}.Release|Any CPU.ActiveCfg = Release|Any CPU
		{A2099730-0B76-4DB3-A98B-F44ACBA92FBE}.Release|Any CPU.Build.0 = Release|Any CPU
		{724FEBA0-7673-496D-9E13-1D99FB47CED2}.Debug|Any CPU.ActiveCfg = Debug|Any CPU
		{724FEBA0-7673-496D-9E13-1D99FB47CED2}.Debug|Any CPU.Build.0 = Debug|Any CPU
		{724FEBA0-7673-496D-9E13-1D99FB47CED2}.Release|Any CPU.ActiveCfg = Release|Any CPU
		{724FEBA0-7673-496D-9E13-1D99FB47CED2}.Release|Any CPU.Build.0 = Release|Any CPU
		{E0CC3E0D-6F9F-4B1B-88E5-4EAB0A984F6B}.Debug|Any CPU.ActiveCfg = Debug|Any CPU
		{E0CC3E0D-6F9F-4B1B-88E5-4EAB0A984F6B}.Debug|Any CPU.Build.0 = Debug|Any CPU
		{E0CC3E0D-6F9F-4B1B-88E5-4EAB0A984F6B}.Release|Any CPU.ActiveCfg = Release|Any CPU
		{E0CC3E0D-6F9F-4B1B-88E5-4EAB0A984F6B}.Release|Any CPU.Build.0 = Release|Any CPU
		{B151F020-1D0F-49AD-B4A1-93AAEC43C357}.Debug|Any CPU.ActiveCfg = Debug|Any CPU
		{B151F020-1D0F-49AD-B4A1-93AAEC43C357}.Debug|Any CPU.Build.0 = Debug|Any CPU
		{B151F020-1D0F-49AD-B4A1-93AAEC43C357}.Release|Any CPU.ActiveCfg = Release|Any CPU
		{B151F020-1D0F-49AD-B4A1-93AAEC43C357}.Release|Any CPU.Build.0 = Release|Any CPU
	EndGlobalSection
	GlobalSection(SolutionProperties) = preSolution
		HideSolutionNode = FALSE
	EndGlobalSection
	GlobalSection(ExtensibilityGlobals) = postSolution
		SolutionGuid = {E94B7EEB-E257-44E1-A9A1-C2C7C2A939BB}
	EndGlobalSection
EndGlobal
